{
  "name": "grace-hopper-chrome-extension",
  "version": "0.1.0",
  "lockfileVersion": 1,
  "requires": true,
  "dependencies": {
    "jasmine-core": {
      "version": "3.2.1",
      "resolved": "https://registry.npmjs.org/jasmine-core/-/jasmine-core-3.2.1.tgz",
      "integrity": "sha512-pa9tbBWgU0EE4SWgc85T4sa886ufuQdsgruQANhECYjwqgV4z7Vw/499aCaP8ZH79JDS4vhm8doDG9HO4+e4sA==",
      "dev": true
    },
    "karma-jasmine": {
      "version": "1.1.2",
      "resolved": "https://registry.npmjs.org/karma-jasmine/-/karma-jasmine-1.1.2.tgz",
      "integrity": "sha1-OU8rJf+0pkS5rabyLUQ+L9CIhsM=",
      "dev": true
    }
  }
}
